
Microsoft Visual Studio Solution File, Format Version 12.00
# Visual Studio Version 17
VisualStudioVersion = 17.9.34714.143
MinimumVisualStudioVersion = 10.0.40219.1
Project("{FAE04EC0-301F-11D3-BF4B-00C04F79EFBC}") = "DoublyLinkedList", "DoublyLinkedList\DoublyLinkedList.csproj", "{756A7E7F-16B2-4A9C-A0F9-1E479BB2F868}"
EndProject
Global
	GlobalSection(SolutionConfigurationPlatforms) = preSolution
		Debug|Any CPU = Debug|Any CPU
		Release|Any CPU = Release|Any CPU
	EndGlobalSection
	GlobalSection(ProjectConfigurationPlatforms) = postSolution
		{756A7E7F-16B2-4A9C-A0F9-1E479BB2F868}.Debug|Any CPU.ActiveCfg = Debug|Any CPU
		{756A7E7F-16B2-4A9C-A0F9-1E479BB2F868}.Debug|Any CPU.Build.0 = Debug|Any CPU
		{756A7E7F-16B2-4A9C-A0F9-1E479BB2F868}.Release|Any CPU.ActiveCfg = Release|Any CPU
		{756A7E7F-16B2-4A9C-A0F9-1E479BB2F868}.Release|Any CPU.Build.0 = Release|Any CPU
	EndGlobalSection
	GlobalSection(SolutionProperties) = preSolution
		HideSolutionNode = FALSE
	EndGlobalSection
	GlobalSection(ExtensibilityGlobals) = postSolution
		SolutionGuid = {8B7D0C30-9DE4-4238-AE25-64F3A15ECDCC}
	EndGlobalSection
EndGlobal
