
Microsoft Visual Studio Solution File, Format Version 12.00
# Visual Studio Version 17
VisualStudioVersion = 17.9.34701.34
MinimumVisualStudioVersion = 10.0.40219.1
Project("{9A19103F-16F7-4668-BE54-9A1E7A4F7556}") = "P01_Sort-Even-Numbers", "P01_Sort-Even-Numbers\P01_Sort-Even-Numbers.csproj", "{B0243761-7B4D-44FE-BE75-7F246593CF57}"
EndProject
Project("{9A19103F-16F7-4668-BE54-9A1E7A4F7556}") = "P02_Sum-Numbers", "P02_Sum-Numbers\P02_Sum-Numbers.csproj", "{39CAEBE6-2234-45E2-86C7-3A11D1C7494C}"
EndProject
Project("{FAE04EC0-301F-11D3-BF4B-00C04F79EFBC}") = "P03_Count-Uppercase-Words", "P03_Count-Uppercase-Words\P03_Count-Uppercase-Words.csproj", "{594A34D4-86F6-41B2-8428-17D53191B9DC}"
EndProject
Project("{FAE04EC0-301F-11D3-BF4B-00C04F79EFBC}") = "P04_Add-VAT", "P04_Add-VAT\P04_Add-VAT.csproj", "{5BCA7C7E-2146-4BAC-BBAE-0BC471F7526E}"
EndProject
Project("{FAE04EC0-301F-11D3-BF4B-00C04F79EFBC}") = "P05_Filter-By-Age", "P05_Filter-By-Age\P05_Filter-By-Age.csproj", "{FD386519-E8C2-4652-9279-C2B5023B3A12}"
EndProject
Global
	GlobalSection(SolutionConfigurationPlatforms) = preSolution
		Debug|Any CPU = Debug|Any CPU
		Release|Any CPU = Release|Any CPU
	EndGlobalSection
	GlobalSection(ProjectConfigurationPlatforms) = postSolution
		{B0243761-7B4D-44FE-BE75-7F246593CF57}.Debug|Any CPU.ActiveCfg = Debug|Any CPU
		{B0243761-7B4D-44FE-BE75-7F246593CF57}.Debug|Any CPU.Build.0 = Debug|Any CPU
		{B0243761-7B4D-44FE-BE75-7F246593CF57}.Release|Any CPU.ActiveCfg = Release|Any CPU
		{B0243761-7B4D-44FE-BE75-7F246593CF57}.Release|Any CPU.Build.0 = Release|Any CPU
		{39CAEBE6-2234-45E2-86C7-3A11D1C7494C}.Debug|Any CPU.ActiveCfg = Debug|Any CPU
		{39CAEBE6-2234-45E2-86C7-3A11D1C7494C}.Debug|Any CPU.Build.0 = Debug|Any CPU
		{39CAEBE6-2234-45E2-86C7-3A11D1C7494C}.Release|Any CPU.ActiveCfg = Release|Any CPU
		{39CAEBE6-2234-45E2-86C7-3A11D1C7494C}.Release|Any CPU.Build.0 = Release|Any CPU
		{594A34D4-86F6-41B2-8428-17D53191B9DC}.Debug|Any CPU.ActiveCfg = Debug|Any CPU
		{594A34D4-86F6-41B2-8428-17D53191B9DC}.Debug|Any CPU.Build.0 = Debug|Any CPU
		{594A34D4-86F6-41B2-8428-17D53191B9DC}.Release|Any CPU.ActiveCfg = Release|Any CPU
		{594A34D4-86F6-41B2-8428-17D53191B9DC}.Release|Any CPU.Build.0 = Release|Any CPU
		{5BCA7C7E-2146-4BAC-BBAE-0BC471F7526E}.Debug|Any CPU.ActiveCfg = Debug|Any CPU
		{5BCA7C7E-2146-4BAC-BBAE-0BC471F7526E}.Debug|Any CPU.Build.0 = Debug|Any CPU
		{5BCA7C7E-2146-4BAC-BBAE-0BC471F7526E}.Release|Any CPU.ActiveCfg = Release|Any CPU
		{5BCA7C7E-2146-4BAC-BBAE-0BC471F7526E}.Release|Any CPU.Build.0 = Release|Any CPU
		{FD386519-E8C2-4652-9279-C2B5023B3A12}.Debug|Any CPU.ActiveCfg = Debug|Any CPU
		{FD386519-E8C2-4652-9279-C2B5023B3A12}.Debug|Any CPU.Build.0 = Debug|Any CPU
		{FD386519-E8C2-4652-9279-C2B5023B3A12}.Release|Any CPU.ActiveCfg = Release|Any CPU
		{FD386519-E8C2-4652-9279-C2B5023B3A12}.Release|Any CPU.Build.0 = Release|Any CPU
	EndGlobalSection
	GlobalSection(SolutionProperties) = preSolution
		HideSolutionNode = FALSE
	EndGlobalSection
	GlobalSection(ExtensibilityGlobals) = postSolution
		SolutionGuid = {EE9F7923-1FBE-4A89-B27F-26D3F8F8D861}
	EndGlobalSection
EndGlobal
